
Microsoft Visual Studio Solution File, Format Version 12.00
# Visual Studio Version 17
VisualStudioVersion = 17.7.34202.233
MinimumVisualStudioVersion = 10.0.40219.1
Project("{9A19103F-16F7-4668-BE54-9A1E7A4F7556}") = "CarRentalManagement.Server", "CarRentalManagement\Server\CarRentalManagement.Server.csproj", "{7436D55F-A2DC-4704-9DB4-7F9F0FF1F1FF}"
EndProject
Project("{9A19103F-16F7-4668-BE54-9A1E7A4F7556}") = "CarRentalManagement.Client", "CarRentalManagement\Client\CarRentalManagement.Client.csproj", "{2F304AC1-DAD6-4D59-A4E0-F3DC40BC0445}"
EndProject
Project("{9A19103F-16F7-4668-BE54-9A1E7A4F7556}") = "CarRentalManagement.Shared", "CarRentalManagement\Shared\CarRentalManagement.Shared.csproj", "{7DFBFB89-B9BD-4049-8A96-9ABB60621506}"
EndProject
Global
	GlobalSection(SolutionConfigurationPlatforms) = preSolution
		Debug|Any CPU = Debug|Any CPU
		Release|Any CPU = Release|Any CPU
	EndGlobalSection
	GlobalSection(ProjectConfigurationPlatforms) = postSolution
		{7436D55F-A2DC-4704-9DB4-7F9F0FF1F1FF}.Debug|Any CPU.ActiveCfg = Debug|Any CPU
		{7436D55F-A2DC-4704-9DB4-7F9F0FF1F1FF}.Debug|Any CPU.Build.0 = Debug|Any CPU
		{7436D55F-A2DC-4704-9DB4-7F9F0FF1F1FF}.Release|Any CPU.ActiveCfg = Release|Any CPU
		{7436D55F-A2DC-4704-9DB4-7F9F0FF1F1FF}.Release|Any CPU.Build.0 = Release|Any CPU
		{2F304AC1-DAD6-4D59-A4E0-F3DC40BC0445}.Debug|Any CPU.ActiveCfg = Debug|Any CPU
		{2F304AC1-DAD6-4D59-A4E0-F3DC40BC0445}.Debug|Any CPU.Build.0 = Debug|Any CPU
		{2F304AC1-DAD6-4D59-A4E0-F3DC40BC0445}.Release|Any CPU.ActiveCfg = Release|Any CPU
		{2F304AC1-DAD6-4D59-A4E0-F3DC40BC0445}.Release|Any CPU.Build.0 = Release|Any CPU
		{7DFBFB89-B9BD-4049-8A96-9ABB60621506}.Debug|Any CPU.ActiveCfg = Debug|Any CPU
		{7DFBFB89-B9BD-4049-8A96-9ABB60621506}.Debug|Any CPU.Build.0 = Debug|Any CPU
		{7DFBFB89-B9BD-4049-8A96-9ABB60621506}.Release|Any CPU.ActiveCfg = Release|Any CPU
		{7DFBFB89-B9BD-4049-8A96-9ABB60621506}.Release|Any CPU.Build.0 = Release|Any CPU
	EndGlobalSection
	GlobalSection(SolutionProperties) = preSolution
		HideSolutionNode = FALSE
	EndGlobalSection
	GlobalSection(ExtensibilityGlobals) = postSolution
		SolutionGuid = {08F5B3A3-95CC-47CC-8725-83AE6C1625CA}
	EndGlobalSection
EndGlobal
